
Microsoft Visual Studio Solution File, Format Version 12.00
# Visual Studio 15
VisualStudioVersion = 15.0.27703.2026
MinimumVisualStudioVersion = 10.0.40219.1
Project("{FAE04EC0-301F-11D3-BF4B-00C04F79EFBC}") = "Controlling Access to Class Members", "Ch8\Controlling Access to Class Members\Controlling Access to Class Members.csproj", "{A6E7B000-772E-4CDC-B998-15E2926F7561}"
EndProject
Project("{FAE04EC0-301F-11D3-BF4B-00C04F79EFBC}") = "PassReferencesToMethods", "Ch8\PassReferencesToMethods\PassReferencesToMethods.csproj", "{651B0D17-F734-4F8D-8F22-FF431974E3C9}"
EndProject
Project("{FAE04EC0-301F-11D3-BF4B-00C04F79EFBC}") = "UseRefAndOutParameters", "Ch8\UseRefAndOutParameters\UseRefAndOutParameters.csproj", "{1C1D8F1F-C5A0-4343-80CF-8A3409477045}"
EndProject
Project("{FAE04EC0-301F-11D3-BF4B-00C04F79EFBC}") = "UseAvariableNumberOfArguments", "Ch8\UseAvariableNumberOfArguments\UseAvariableNumberOfArguments.csproj", "{BEE8F174-2CE4-48DA-B850-4EADC7ABAA57}"
EndProject
Project("{FAE04EC0-301F-11D3-BF4B-00C04F79EFBC}") = "ReturnObjects", "Ch8\ReturnObjects\ReturnObjects.csproj", "{6045E027-88A0-41CF-9413-A9E2E96167AF}"
EndProject
Project("{FAE04EC0-301F-11D3-BF4B-00C04F79EFBC}") = "MethodOverloading", "Ch8\MethodOverloading\MethodOverloading.csproj", "{40D1ABED-EB06-4BA6-AFEA-123A5106A4D2}"
EndProject
Project("{FAE04EC0-301F-11D3-BF4B-00C04F79EFBC}") = "OverloadConstructors", "Ch8\OverloadConstructors\OverloadConstructors.csproj", "{7FC712F3-DF37-4AFD-BA26-6F6CD2F8D4F8}"
EndProject
Project("{FAE04EC0-301F-11D3-BF4B-00C04F79EFBC}") = "ObjectInitializers", "Ch8\ObjectInitializers\ObjectInitializers.csproj", "{AD06787B-E54E-4D48-84FD-FBB13249BA5C}"
EndProject
Project("{FAE04EC0-301F-11D3-BF4B-00C04F79EFBC}") = "OptionalArguments", "Ch8\OptionalArguments\OptionalArguments.csproj", "{BBFA3DE4-6BCB-4E0E-9F43-8E63FD4C2306}"
EndProject
Project("{FAE04EC0-301F-11D3-BF4B-00C04F79EFBC}") = "NamedArguments", "Ch8\NamedArguments\NamedArguments.csproj", "{C0733E08-6867-4C50-AD33-0C62CD7446AF}"
EndProject
Project("{FAE04EC0-301F-11D3-BF4B-00C04F79EFBC}") = "TheMainMethod", "Ch8\TheMainMethod\TheMainMethod.csproj", "{637B0355-83AF-450F-A496-12C0C72B908B}"
EndProject
Project("{FAE04EC0-301F-11D3-BF4B-00C04F79EFBC}") = "Recursion", "Ch8\Recursion\Recursion.csproj", "{A5FA3527-0E10-4B5A-8D53-9DC2ADD1C9D0}"
EndProject
Project("{FAE04EC0-301F-11D3-BF4B-00C04F79EFBC}") = "UnderstandingStatic", "Ch8\UnderstandingStatic\UnderstandingStatic.csproj", "{29685ABF-7797-4139-BC58-8C6A907049B9}"
EndProject
Project("{2150E333-8FDC-42A3-9474-1A3956D46DE8}") = "Ch8", "Ch8", "{0D319200-E88D-4DDF-8A58-3A90CC4CB6BC}"
EndProject
Project("{2150E333-8FDC-42A3-9474-1A3956D46DE8}") = "Ch9", "Ch9", "{C62F97D7-6754-4D96-807F-B6B893AADEAC}"
EndProject
Project("{FAE04EC0-301F-11D3-BF4B-00C04F79EFBC}") = "FirstSample", "Ch9\FirstSample\FirstSample.csproj", "{208EC102-2C26-4639-9029-6507D290FCB2}"
EndProject
Global
	GlobalSection(SolutionConfigurationPlatforms) = preSolution
		Debug|Any CPU = Debug|Any CPU
		Release|Any CPU = Release|Any CPU
	EndGlobalSection
	GlobalSection(ProjectConfigurationPlatforms) = postSolution
		{A6E7B000-772E-4CDC-B998-15E2926F7561}.Debug|Any CPU.ActiveCfg = Debug|Any CPU
		{A6E7B000-772E-4CDC-B998-15E2926F7561}.Debug|Any CPU.Build.0 = Debug|Any CPU
		{A6E7B000-772E-4CDC-B998-15E2926F7561}.Release|Any CPU.ActiveCfg = Release|Any CPU
		{A6E7B000-772E-4CDC-B998-15E2926F7561}.Release|Any CPU.Build.0 = Release|Any CPU
		{651B0D17-F734-4F8D-8F22-FF431974E3C9}.Debug|Any CPU.ActiveCfg = Debug|Any CPU
		{651B0D17-F734-4F8D-8F22-FF431974E3C9}.Debug|Any CPU.Build.0 = Debug|Any CPU
		{651B0D17-F734-4F8D-8F22-FF431974E3C9}.Release|Any CPU.ActiveCfg = Release|Any CPU
		{651B0D17-F734-4F8D-8F22-FF431974E3C9}.Release|Any CPU.Build.0 = Release|Any CPU
		{1C1D8F1F-C5A0-4343-80CF-8A3409477045}.Debug|Any CPU.ActiveCfg = Debug|Any CPU
		{1C1D8F1F-C5A0-4343-80CF-8A3409477045}.Debug|Any CPU.Build.0 = Debug|Any CPU
		{1C1D8F1F-C5A0-4343-80CF-8A3409477045}.Release|Any CPU.ActiveCfg = Release|Any CPU
		{1C1D8F1F-C5A0-4343-80CF-8A3409477045}.Release|Any CPU.Build.0 = Release|Any CPU
		{BEE8F174-2CE4-48DA-B850-4EADC7ABAA57}.Debug|Any CPU.ActiveCfg = Debug|Any CPU
		{BEE8F174-2CE4-48DA-B850-4EADC7ABAA57}.Debug|Any CPU.Build.0 = Debug|Any CPU
		{BEE8F174-2CE4-48DA-B850-4EADC7ABAA57}.Release|Any CPU.ActiveCfg = Release|Any CPU
		{BEE8F174-2CE4-48DA-B850-4EADC7ABAA57}.Release|Any CPU.Build.0 = Release|Any CPU
		{6045E027-88A0-41CF-9413-A9E2E96167AF}.Debug|Any CPU.ActiveCfg = Debug|Any CPU
		{6045E027-88A0-41CF-9413-A9E2E96167AF}.Debug|Any CPU.Build.0 = Debug|Any CPU
		{6045E027-88A0-41CF-9413-A9E2E96167AF}.Release|Any CPU.ActiveCfg = Release|Any CPU
		{6045E027-88A0-41CF-9413-A9E2E96167AF}.Release|Any CPU.Build.0 = Release|Any CPU
		{40D1ABED-EB06-4BA6-AFEA-123A5106A4D2}.Debug|Any CPU.ActiveCfg = Debug|Any CPU
		{40D1ABED-EB06-4BA6-AFEA-123A5106A4D2}.Debug|Any CPU.Build.0 = Debug|Any CPU
		{40D1ABED-EB06-4BA6-AFEA-123A5106A4D2}.Release|Any CPU.ActiveCfg = Release|Any CPU
		{40D1ABED-EB06-4BA6-AFEA-123A5106A4D2}.Release|Any CPU.Build.0 = Release|Any CPU
		{7FC712F3-DF37-4AFD-BA26-6F6CD2F8D4F8}.Debug|Any CPU.ActiveCfg = Debug|Any CPU
		{7FC712F3-DF37-4AFD-BA26-6F6CD2F8D4F8}.Debug|Any CPU.Build.0 = Debug|Any CPU
		{7FC712F3-DF37-4AFD-BA26-6F6CD2F8D4F8}.Release|Any CPU.ActiveCfg = Release|Any CPU
		{7FC712F3-DF37-4AFD-BA26-6F6CD2F8D4F8}.Release|Any CPU.Build.0 = Release|Any CPU
		{AD06787B-E54E-4D48-84FD-FBB13249BA5C}.Debug|Any CPU.ActiveCfg = Debug|Any CPU
		{AD06787B-E54E-4D48-84FD-FBB13249BA5C}.Debug|Any CPU.Build.0 = Debug|Any CPU
		{AD06787B-E54E-4D48-84FD-FBB13249BA5C}.Release|Any CPU.ActiveCfg = Release|Any CPU
		{AD06787B-E54E-4D48-84FD-FBB13249BA5C}.Release|Any CPU.Build.0 = Release|Any CPU
		{BBFA3DE4-6BCB-4E0E-9F43-8E63FD4C2306}.Debug|Any CPU.ActiveCfg = Debug|Any CPU
		{BBFA3DE4-6BCB-4E0E-9F43-8E63FD4C2306}.Debug|Any CPU.Build.0 = Debug|Any CPU
		{BBFA3DE4-6BCB-4E0E-9F43-8E63FD4C2306}.Release|Any CPU.ActiveCfg = Release|Any CPU
		{BBFA3DE4-6BCB-4E0E-9F43-8E63FD4C2306}.Release|Any CPU.Build.0 = Release|Any CPU
		{C0733E08-6867-4C50-AD33-0C62CD7446AF}.Debug|Any CPU.ActiveCfg = Debug|Any CPU
		{C0733E08-6867-4C50-AD33-0C62CD7446AF}.Debug|Any CPU.Build.0 = Debug|Any CPU
		{C0733E08-6867-4C50-AD33-0C62CD7446AF}.Release|Any CPU.ActiveCfg = Release|Any CPU
		{C0733E08-6867-4C50-AD33-0C62CD7446AF}.Release|Any CPU.Build.0 = Release|Any CPU
		{637B0355-83AF-450F-A496-12C0C72B908B}.Debug|Any CPU.ActiveCfg = Debug|Any CPU
		{637B0355-83AF-450F-A496-12C0C72B908B}.Debug|Any CPU.Build.0 = Debug|Any CPU
		{637B0355-83AF-450F-A496-12C0C72B908B}.Release|Any CPU.ActiveCfg = Release|Any CPU
		{637B0355-83AF-450F-A496-12C0C72B908B}.Release|Any CPU.Build.0 = Release|Any CPU
		{A5FA3527-0E10-4B5A-8D53-9DC2ADD1C9D0}.Debug|Any CPU.ActiveCfg = Debug|Any CPU
		{A5FA3527-0E10-4B5A-8D53-9DC2ADD1C9D0}.Debug|Any CPU.Build.0 = Debug|Any CPU
		{A5FA3527-0E10-4B5A-8D53-9DC2ADD1C9D0}.Release|Any CPU.ActiveCfg = Release|Any CPU
		{A5FA3527-0E10-4B5A-8D53-9DC2ADD1C9D0}.Release|Any CPU.Build.0 = Release|Any CPU
		{29685ABF-7797-4139-BC58-8C6A907049B9}.Debug|Any CPU.ActiveCfg = Debug|Any CPU
		{29685ABF-7797-4139-BC58-8C6A907049B9}.Debug|Any CPU.Build.0 = Debug|Any CPU
		{29685ABF-7797-4139-BC58-8C6A907049B9}.Release|Any CPU.ActiveCfg = Release|Any CPU
		{29685ABF-7797-4139-BC58-8C6A907049B9}.Release|Any CPU.Build.0 = Release|Any CPU
		{208EC102-2C26-4639-9029-6507D290FCB2}.Debug|Any CPU.ActiveCfg = Debug|Any CPU
		{208EC102-2C26-4639-9029-6507D290FCB2}.Debug|Any CPU.Build.0 = Debug|Any CPU
		{208EC102-2C26-4639-9029-6507D290FCB2}.Release|Any CPU.ActiveCfg = Release|Any CPU
		{208EC102-2C26-4639-9029-6507D290FCB2}.Release|Any CPU.Build.0 = Release|Any CPU
	EndGlobalSection
	GlobalSection(SolutionProperties) = preSolution
		HideSolutionNode = FALSE
	EndGlobalSection
	GlobalSection(NestedProjects) = preSolution
		{A6E7B000-772E-4CDC-B998-15E2926F7561} = {0D319200-E88D-4DDF-8A58-3A90CC4CB6BC}
		{651B0D17-F734-4F8D-8F22-FF431974E3C9} = {0D319200-E88D-4DDF-8A58-3A90CC4CB6BC}
		{1C1D8F1F-C5A0-4343-80CF-8A3409477045} = {0D319200-E88D-4DDF-8A58-3A90CC4CB6BC}
		{BEE8F174-2CE4-48DA-B850-4EADC7ABAA57} = {0D319200-E88D-4DDF-8A58-3A90CC4CB6BC}
		{6045E027-88A0-41CF-9413-A9E2E96167AF} = {0D319200-E88D-4DDF-8A58-3A90CC4CB6BC}
		{40D1ABED-EB06-4BA6-AFEA-123A5106A4D2} = {0D319200-E88D-4DDF-8A58-3A90CC4CB6BC}
		{7FC712F3-DF37-4AFD-BA26-6F6CD2F8D4F8} = {0D319200-E88D-4DDF-8A58-3A90CC4CB6BC}
		{AD06787B-E54E-4D48-84FD-FBB13249BA5C} = {0D319200-E88D-4DDF-8A58-3A90CC4CB6BC}
		{BBFA3DE4-6BCB-4E0E-9F43-8E63FD4C2306} = {0D319200-E88D-4DDF-8A58-3A90CC4CB6BC}
		{C0733E08-6867-4C50-AD33-0C62CD7446AF} = {0D319200-E88D-4DDF-8A58-3A90CC4CB6BC}
		{637B0355-83AF-450F-A496-12C0C72B908B} = {0D319200-E88D-4DDF-8A58-3A90CC4CB6BC}
		{A5FA3527-0E10-4B5A-8D53-9DC2ADD1C9D0} = {0D319200-E88D-4DDF-8A58-3A90CC4CB6BC}
		{29685ABF-7797-4139-BC58-8C6A907049B9} = {0D319200-E88D-4DDF-8A58-3A90CC4CB6BC}
		{208EC102-2C26-4639-9029-6507D290FCB2} = {C62F97D7-6754-4D96-807F-B6B893AADEAC}
	EndGlobalSection
	GlobalSection(ExtensibilityGlobals) = postSolution
		SolutionGuid = {0D6DD62A-0397-41E8-9000-23C4E0CDF812}
	EndGlobalSection
EndGlobal
